
Microsoft Visual Studio Solution File, Format Version 12.00
# Visual Studio Version 16
VisualStudioVersion = 16.0.29209.62
MinimumVisualStudioVersion = 10.0.40219.1
Project("{FAE04EC0-301F-11D3-BF4B-00C04F79EFBC}") = "XMLMonitoringService", "XMLMonitoringService\XMLMonitoringService.csproj", "{908047B1-86BD-49C9-BDBE-3BB7EB19E723}"
EndProject
Global
	GlobalSection(SolutionConfigurationPlatforms) = preSolution
		Debug|Any CPU = Debug|Any CPU
		Release|Any CPU = Release|Any CPU
	EndGlobalSection
	GlobalSection(ProjectConfigurationPlatforms) = postSolution
		{908047B1-86BD-49C9-BDBE-3BB7EB19E723}.Debug|Any CPU.ActiveCfg = Debug|Any CPU
		{908047B1-86BD-49C9-BDBE-3BB7EB19E723}.Debug|Any CPU.Build.0 = Debug|Any CPU
		{908047B1-86BD-49C9-BDBE-3BB7EB19E723}.Release|Any CPU.ActiveCfg = Release|Any CPU
		{908047B1-86BD-49C9-BDBE-3BB7EB19E723}.Release|Any CPU.Build.0 = Release|Any CPU
	EndGlobalSection
	GlobalSection(SolutionProperties) = preSolution
		HideSolutionNode = FALSE
	EndGlobalSection
	GlobalSection(ExtensibilityGlobals) = postSolution
		SolutionGuid = {ABB5CE4E-81EF-461F-801F-63A341EC9DD3}
	EndGlobalSection
EndGlobal
